
Microsoft Visual Studio Solution File, Format Version 12.00
# Visual Studio Version 17
VisualStudioVersion = 17.5.002.0
MinimumVisualStudioVersion = 10.0.40219.1
Project("{9A19103F-16F7-4668-BE54-9A1E7A4F7556}") = "OrderServices", "OrderServices.csproj", "{F74FDA3F-89F2-4024-9E6E-0F4C944EFF9B}"
EndProject
Global
	GlobalSection(SolutionConfigurationPlatforms) = preSolution
		Debug|Any CPU = Debug|Any CPU
		Release|Any CPU = Release|Any CPU
	EndGlobalSection
	GlobalSection(ProjectConfigurationPlatforms) = postSolution
		{F74FDA3F-89F2-4024-9E6E-0F4C944EFF9B}.Debug|Any CPU.ActiveCfg = Debug|Any CPU
		{F74FDA3F-89F2-4024-9E6E-0F4C944EFF9B}.Debug|Any CPU.Build.0 = Debug|Any CPU
		{F74FDA3F-89F2-4024-9E6E-0F4C944EFF9B}.Release|Any CPU.ActiveCfg = Release|Any CPU
		{F74FDA3F-89F2-4024-9E6E-0F4C944EFF9B}.Release|Any CPU.Build.0 = Release|Any CPU
	EndGlobalSection
	GlobalSection(SolutionProperties) = preSolution
		HideSolutionNode = FALSE
	EndGlobalSection
	GlobalSection(ExtensibilityGlobals) = postSolution
		SolutionGuid = {ECFFCD91-77DC-420C-8703-DBE972B88574}
	EndGlobalSection
EndGlobal
